// !$*UTF8*$!
{
	archiveVersion = 1;
	classes = {
	};
	objectVersion = 56;
	objects = {

/* Begin PBXBuildFile section */
		B33A15D329F916BA00AD5732 /* 剑指 Offer 35. 复杂链表的复制.swift in Sources */ = {isa = PBXBuildFile; fileRef = B33A15D229F916BA00AD5732 /* 剑指 Offer 35. 复杂链表的复制.swift */; };
		B33A15D529F916D300AD5732 /* 138. 复制带随机指针的链表.swift in Sources */ = {isa = PBXBuildFile; fileRef = B33A15D429F916D300AD5732 /* 138. 复制带随机指针的链表.swift */; };
		B33A15D929F9184600AD5732 /* RandomListNode.swift in Sources */ = {isa = PBXBuildFile; fileRef = B33A15D829F9184600AD5732 /* RandomListNode.swift */; };
		B33A15E029FB6B8D00AD5732 /* 剑指 Offer 18. 删除链表的节点.swift in Sources */ = {isa = PBXBuildFile; fileRef = B33A15DF29FB6B8D00AD5732 /* 剑指 Offer 18. 删除链表的节点.swift */; };
		B33A15E229FB792000AD5732 /* 剑指 Offer 22. 链表中倒数第k个节点.swift in Sources */ = {isa = PBXBuildFile; fileRef = B33A15E129FB792000AD5732 /* 剑指 Offer 22. 链表中倒数第k个节点.swift */; };
		B33A164E29FCAF8C00AD5732 /* 剑指 Offer 25. 合并两个排序的链表.swift in Sources */ = {isa = PBXBuildFile; fileRef = B33A164D29FCAF8C00AD5732 /* 剑指 Offer 25. 合并两个排序的链表.swift */; };
		B33A165029FCFA0900AD5732 /* 剑指 Offer 52. 两个链表的第一个公共节点.swift in Sources */ = {isa = PBXBuildFile; fileRef = B33A164F29FCFA0900AD5732 /* 剑指 Offer 52. 两个链表的第一个公共节点.swift */; };
		B37884F429F50EB800E02E49 /* AppDelegate.swift in Sources */ = {isa = PBXBuildFile; fileRef = B37884F329F50EB800E02E49 /* AppDelegate.swift */; };
		B37884F629F50EB800E02E49 /* SceneDelegate.swift in Sources */ = {isa = PBXBuildFile; fileRef = B37884F529F50EB800E02E49 /* SceneDelegate.swift */; };
		B37884F829F50EB800E02E49 /* ViewController.swift in Sources */ = {isa = PBXBuildFile; fileRef = B37884F729F50EB800E02E49 /* ViewController.swift */; };
		B37884FB29F50EB800E02E49 /* Main.storyboard in Resources */ = {isa = PBXBuildFile; fileRef = B37884F929F50EB800E02E49 /* Main.storyboard */; };
		B37884FD29F50EB900E02E49 /* Assets.xcassets in Resources */ = {isa = PBXBuildFile; fileRef = B37884FC29F50EB900E02E49 /* Assets.xcassets */; };
		B378850029F50EB900E02E49 /* LaunchScreen.storyboard in Resources */ = {isa = PBXBuildFile; fileRef = B37884FE29F50EB900E02E49 /* LaunchScreen.storyboard */; };
		B378853429F50FE300E02E49 /* Sort.swift in Sources */ = {isa = PBXBuildFile; fileRef = B378850929F50FE300E02E49 /* Sort.swift */; };
		B378853529F50FE300E02E49 /* 4. 寻找两个正序数组的中位数.swift in Sources */ = {isa = PBXBuildFile; fileRef = B378850C29F50FE300E02E49 /* 4. 寻找两个正序数组的中位数.swift */; };
		B378853629F50FE300E02E49 /* 217. 存在重复元素.swift in Sources */ = {isa = PBXBuildFile; fileRef = B378850E29F50FE300E02E49 /* 217. 存在重复元素.swift */; };
		B378853729F50FE300E02E49 /* 53. 最大子数组和.swift in Sources */ = {isa = PBXBuildFile; fileRef = B378851029F50FE300E02E49 /* 53. 最大子数组和.swift */; };
		B378853829F50FE300E02E49 /* 1. 两数之和.swift in Sources */ = {isa = PBXBuildFile; fileRef = B378851229F50FE300E02E49 /* 1. 两数之和.swift */; };
		B378853929F50FE300E02E49 /* 121. 买卖股票的最佳时机.swift in Sources */ = {isa = PBXBuildFile; fileRef = B378851429F50FE300E02E49 /* 121. 买卖股票的最佳时机.swift */; };
		B378853A29F50FE300E02E49 /* 349. 两个数组的交集.swift in Sources */ = {isa = PBXBuildFile; fileRef = B378851629F50FE300E02E49 /* 349. 两个数组的交集.swift */; };
		B378853B29F50FE300E02E49 /* 88. 合并两个有序数组.swift in Sources */ = {isa = PBXBuildFile; fileRef = B378851829F50FE300E02E49 /* 88. 合并两个有序数组.swift */; };
		B378853C29F50FE300E02E49 /* 118. 杨辉三角.swift in Sources */ = {isa = PBXBuildFile; fileRef = B378851A29F50FE300E02E49 /* 118. 杨辉三角.swift */; };
		B378853D29F50FE300E02E49 /* 350. 两个数组的交集 II.swift in Sources */ = {isa = PBXBuildFile; fileRef = B378851C29F50FE300E02E49 /* 350. 两个数组的交集 II.swift */; };
		B378853E29F50FE300E02E49 /* 5. 最长回文子串.swift in Sources */ = {isa = PBXBuildFile; fileRef = B378851F29F50FE300E02E49 /* 5. 最长回文子串.swift */; };
		B378853F29F50FE300E02E49 /* 3. 无重复字符的最长子串.swift in Sources */ = {isa = PBXBuildFile; fileRef = B378852129F50FE300E02E49 /* 3. 无重复字符的最长子串.swift */; };
		B378854029F50FE300E02E49 /* 125. 验证回文串.swift in Sources */ = {isa = PBXBuildFile; fileRef = B378852329F50FE300E02E49 /* 125. 验证回文串.swift */; };
		B378854129F50FE300E02E49 /* 344. 反转字符串.swift in Sources */ = {isa = PBXBuildFile; fileRef = B378852529F50FE300E02E49 /* 344. 反转字符串.swift */; };
		B378854229F50FE300E02E49 /* 83. 删除排序链表中的重复元素.swift in Sources */ = {isa = PBXBuildFile; fileRef = B378852829F50FE300E02E49 /* 83. 删除排序链表中的重复元素.swift */; };
		B378854329F50FE300E02E49 /* 206. 反转链表.swift in Sources */ = {isa = PBXBuildFile; fileRef = B378852A29F50FE300E02E49 /* 206. 反转链表.swift */; };
		B378854429F50FE300E02E49 /* 141. 环形链表.swift in Sources */ = {isa = PBXBuildFile; fileRef = B378852C29F50FE300E02E49 /* 141. 环形链表.swift */; };
		B378854529F50FE300E02E49 /* 21. 合并两个有序链表.swift in Sources */ = {isa = PBXBuildFile; fileRef = B378852E29F50FE300E02E49 /* 21. 合并两个有序链表.swift */; };
		B378854629F50FE300E02E49 /* ListNode.swift in Sources */ = {isa = PBXBuildFile; fileRef = B378852F29F50FE300E02E49 /* ListNode.swift */; };
		B378854729F50FE300E02E49 /* 2. 两数相加.swift in Sources */ = {isa = PBXBuildFile; fileRef = B378853129F50FE300E02E49 /* 2. 两数相加.swift */; };
		B378854829F50FE300E02E49 /* 203. 移除链表元素.swift in Sources */ = {isa = PBXBuildFile; fileRef = B378853329F50FE300E02E49 /* 203. 移除链表元素.swift */; };
		B378854B29F5103600E02E49 /* Algorithm.swift in Sources */ = {isa = PBXBuildFile; fileRef = B378854A29F5103600E02E49 /* Algorithm.swift */; };
		B378855529F51F6B00E02E49 /* 160. 相交链表.swift in Sources */ = {isa = PBXBuildFile; fileRef = B378855429F51F6B00E02E49 /* 160. 相交链表.swift */; };
		B37E4F5A2A1DD6E70046427D /* 876. 链表的中间结点.swift in Sources */ = {isa = PBXBuildFile; fileRef = B37E4F592A1DD6E70046427D /* 876. 链表的中间结点.swift */; };
		B37E4F5C2A1DE2E00046427D /* 1290. 二进制链表转整数.swift in Sources */ = {isa = PBXBuildFile; fileRef = B37E4F5B2A1DE2E00046427D /* 1290. 二进制链表转整数.swift */; };
		B37E4F602A1F2D330046427D /* 剑指 Offer II 023. 两个链表的第一个重合节点.swift in Sources */ = {isa = PBXBuildFile; fileRef = B37E4F5F2A1F2D330046427D /* 剑指 Offer II 023. 两个链表的第一个重合节点.swift */; };
		B37E4F642A1F355C0046427D /* 剑指 Offer II 024. 反转链表.swift in Sources */ = {isa = PBXBuildFile; fileRef = B37E4F632A1F355C0046427D /* 剑指 Offer II 024. 反转链表.swift */; };
		B380095F2A0F5B3A00BAEB11 /* 92. 反转链表 II.swift in Sources */ = {isa = PBXBuildFile; fileRef = B380095E2A0F5B3A00BAEB11 /* 92. 反转链表 II.swift */; };
		B38009612A12180500BAEB11 /* 234. 回文链表.swift in Sources */ = {isa = PBXBuildFile; fileRef = B38009602A12180500BAEB11 /* 234. 回文链表.swift */; };
		B38D26A22A0893D100D632B0 /* 剑指 Offer 67. 把字符串转换成整数.swift in Sources */ = {isa = PBXBuildFile; fileRef = B38D26A12A0893D100D632B0 /* 剑指 Offer 67. 把字符串转换成整数.swift */; };
		B38D26A42A08BBCF00D632B0 /* 8. 字符串转换整数(atoi).swift in Sources */ = {isa = PBXBuildFile; fileRef = B38D26A32A08BBCF00D632B0 /* 8. 字符串转换整数(atoi).swift */; };
		B3B21FB229F8F33A00E8DA4B /* 剑指 Offer 06. 从尾到头打印链表.swift in Sources */ = {isa = PBXBuildFile; fileRef = B3B21FB129F8F33A00E8DA4B /* 剑指 Offer 06. 从尾到头打印链表.swift */; };
		B3B21FB629F900F700E8DA4B /* Stack.swift in Sources */ = {isa = PBXBuildFile; fileRef = B3B21FB529F900F700E8DA4B /* Stack.swift */; };
		B3B21FBC29F9063400E8DA4B /* 剑指 Offer 24. 反转链表.swift in Sources */ = {isa = PBXBuildFile; fileRef = B3B21FBB29F9063400E8DA4B /* 剑指 Offer 24. 反转链表.swift */; };
		B3D70C042A04A26E009C4BF5 /* 剑指 Offer 05. 替换空格.swift in Sources */ = {isa = PBXBuildFile; fileRef = B3D70C032A04A26E009C4BF5 /* 剑指 Offer 05. 替换空格.swift */; };
		B3D70C062A04AF75009C4BF5 /* 剑指 Offer 58 - II. 左旋转字符串.swift in Sources */ = {isa = PBXBuildFile; fileRef = B3D70C052A04AF75009C4BF5 /* 剑指 Offer 58 - II. 左旋转字符串.swift */; };
		B3D70C082A05E767009C4BF5 /* 剑指 Offer 20. 表示数值的字符串.swift in Sources */ = {isa = PBXBuildFile; fileRef = B3D70C072A05E767009C4BF5 /* 剑指 Offer 20. 表示数值的字符串.swift */; };
		B3F87B522A03574F004A150E /* 剑指 Offer 21. 调整数组顺序使奇数位于偶数前面.swift in Sources */ = {isa = PBXBuildFile; fileRef = B3F87B512A03574F004A150E /* 剑指 Offer 21. 调整数组顺序使奇数位于偶数前面.swift */; };
		B3F87B542A0385BC004A150E /* 剑指 Offer 57. 和为s的两个数字.swift in Sources */ = {isa = PBXBuildFile; fileRef = B3F87B532A0385BC004A150E /* 剑指 Offer 57. 和为s的两个数字.swift */; };
		B3F87B582A0393B5004A150E /* 剑指 Offer 58 - I. 翻转单词顺序.swift in Sources */ = {isa = PBXBuildFile; fileRef = B3F87B572A0393B5004A150E /* 剑指 Offer 58 - I. 翻转单词顺序.swift */; };
		B3F87B5A2A03972C004A150E /* 151. 反转字符串中的单词.swift in Sources */ = {isa = PBXBuildFile; fileRef = B3F87B592A03972C004A150E /* 151. 反转字符串中的单词.swift */; };
/* End PBXBuildFile section */

/* Begin PBXFileReference section */
		B33A15D229F916BA00AD5732 /* 剑指 Offer 35. 复杂链表的复制.swift */ = {isa = PBXFileReference; lastKnownFileType = sourcecode.swift; path = "剑指 Offer 35. 复杂链表的复制.swift"; sourceTree = "<group>"; };
		B33A15D429F916D300AD5732 /* 138. 复制带随机指针的链表.swift */ = {isa = PBXFileReference; lastKnownFileType = sourcecode.swift; path = "138. 复制带随机指针的链表.swift"; sourceTree = "<group>"; };
		B33A15D829F9184600AD5732 /* RandomListNode.swift */ = {isa = PBXFileReference; lastKnownFileType = sourcecode.swift; path = RandomListNode.swift; sourceTree = "<group>"; };
		B33A15DF29FB6B8D00AD5732 /* 剑指 Offer 18. 删除链表的节点.swift */ = {isa = PBXFileReference; lastKnownFileType = sourcecode.swift; path = "剑指 Offer 18. 删除链表的节点.swift"; sourceTree = "<group>"; };
		B33A15E129FB792000AD5732 /* 剑指 Offer 22. 链表中倒数第k个节点.swift */ = {isa = PBXFileReference; lastKnownFileType = sourcecode.swift; path = "剑指 Offer 22. 链表中倒数第k个节点.swift"; sourceTree = "<group>"; };
		B33A164D29FCAF8C00AD5732 /* 剑指 Offer 25. 合并两个排序的链表.swift */ = {isa = PBXFileReference; lastKnownFileType = sourcecode.swift; path = "剑指 Offer 25. 合并两个排序的链表.swift"; sourceTree = "<group>"; };
		B33A164F29FCFA0900AD5732 /* 剑指 Offer 52. 两个链表的第一个公共节点.swift */ = {isa = PBXFileReference; lastKnownFileType = sourcecode.swift; path = "剑指 Offer 52. 两个链表的第一个公共节点.swift"; sourceTree = "<group>"; };
		B37884F029F50EB800E02E49 /* Algorithms.app */ = {isa = PBXFileReference; explicitFileType = wrapper.application; includeInIndex = 0; path = Algorithms.app; sourceTree = BUILT_PRODUCTS_DIR; };
		B37884F329F50EB800E02E49 /* AppDelegate.swift */ = {isa = PBXFileReference; lastKnownFileType = sourcecode.swift; path = AppDelegate.swift; sourceTree = "<group>"; };
		B37884F529F50EB800E02E49 /* SceneDelegate.swift */ = {isa = PBXFileReference; lastKnownFileType = sourcecode.swift; path = SceneDelegate.swift; sourceTree = "<group>"; };
		B37884F729F50EB800E02E49 /* ViewController.swift */ = {isa = PBXFileReference; lastKnownFileType = sourcecode.swift; path = ViewController.swift; sourceTree = "<group>"; };
		B37884FA29F50EB800E02E49 /* Base */ = {isa = PBXFileReference; lastKnownFileType = file.storyboard; name = Base; path = Base.lproj/Main.storyboard; sourceTree = "<group>"; };
		B37884FC29F50EB900E02E49 /* Assets.xcassets */ = {isa = PBXFileReference; lastKnownFileType = folder.assetcatalog; path = Assets.xcassets; sourceTree = "<group>"; };
		B37884FF29F50EB900E02E49 /* Base */ = {isa = PBXFileReference; lastKnownFileType = file.storyboard; name = Base; path = Base.lproj/LaunchScreen.storyboard; sourceTree = "<group>"; };
		B378850129F50EB900E02E49 /* Info.plist */ = {isa = PBXFileReference; lastKnownFileType = text.plist.xml; path = Info.plist; sourceTree = "<group>"; };
		B378850929F50FE300E02E49 /* Sort.swift */ = {isa = PBXFileReference; fileEncoding = 4; lastKnownFileType = sourcecode.swift; path = Sort.swift; sourceTree = "<group>"; };
		B378850C29F50FE300E02E49 /* 4. 寻找两个正序数组的中位数.swift */ = {isa = PBXFileReference; fileEncoding = 4; lastKnownFileType = sourcecode.swift; path = "4. 寻找两个正序数组的中位数.swift"; sourceTree = "<group>"; };
		B378850E29F50FE300E02E49 /* 217. 存在重复元素.swift */ = {isa = PBXFileReference; fileEncoding = 4; lastKnownFileType = sourcecode.swift; path = "217. 存在重复元素.swift"; sourceTree = "<group>"; };
		B378851029F50FE300E02E49 /* 53. 最大子数组和.swift */ = {isa = PBXFileReference; fileEncoding = 4; lastKnownFileType = sourcecode.swift; path = "53. 最大子数组和.swift"; sourceTree = "<group>"; };
		B378851229F50FE300E02E49 /* 1. 两数之和.swift */ = {isa = PBXFileReference; fileEncoding = 4; lastKnownFileType = sourcecode.swift; path = "1. 两数之和.swift"; sourceTree = "<group>"; };
		B378851429F50FE300E02E49 /* 121. 买卖股票的最佳时机.swift */ = {isa = PBXFileReference; fileEncoding = 4; lastKnownFileType = sourcecode.swift; path = "121. 买卖股票的最佳时机.swift"; sourceTree = "<group>"; };
		B378851629F50FE300E02E49 /* 349. 两个数组的交集.swift */ = {isa = PBXFileReference; fileEncoding = 4; lastKnownFileType = sourcecode.swift; path = "349. 两个数组的交集.swift"; sourceTree = "<group>"; };
		B378851829F50FE300E02E49 /* 88. 合并两个有序数组.swift */ = {isa = PBXFileReference; fileEncoding = 4; lastKnownFileType = sourcecode.swift; path = "88. 合并两个有序数组.swift"; sourceTree = "<group>"; };
		B378851A29F50FE300E02E49 /* 118. 杨辉三角.swift */ = {isa = PBXFileReference; fileEncoding = 4; lastKnownFileType = sourcecode.swift; path = "118. 杨辉三角.swift"; sourceTree = "<group>"; };
		B378851C29F50FE300E02E49 /* 350. 两个数组的交集 II.swift */ = {isa = PBXFileReference; fileEncoding = 4; lastKnownFileType = sourcecode.swift; path = "350. 两个数组的交集 II.swift"; sourceTree = "<group>"; };
		B378851F29F50FE300E02E49 /* 5. 最长回文子串.swift */ = {isa = PBXFileReference; fileEncoding = 4; lastKnownFileType = sourcecode.swift; path = "5. 最长回文子串.swift"; sourceTree = "<group>"; };
		B378852129F50FE300E02E49 /* 3. 无重复字符的最长子串.swift */ = {isa = PBXFileReference; fileEncoding = 4; lastKnownFileType = sourcecode.swift; path = "3. 无重复字符的最长子串.swift"; sourceTree = "<group>"; };
		B378852329F50FE300E02E49 /* 125. 验证回文串.swift */ = {isa = PBXFileReference; fileEncoding = 4; lastKnownFileType = sourcecode.swift; path = "125. 验证回文串.swift"; sourceTree = "<group>"; };
		B378852529F50FE300E02E49 /* 344. 反转字符串.swift */ = {isa = PBXFileReference; fileEncoding = 4; lastKnownFileType = sourcecode.swift; path = "344. 反转字符串.swift"; sourceTree = "<group>"; };
		B378852829F50FE300E02E49 /* 83. 删除排序链表中的重复元素.swift */ = {isa = PBXFileReference; fileEncoding = 4; lastKnownFileType = sourcecode.swift; path = "83. 删除排序链表中的重复元素.swift"; sourceTree = "<group>"; };
		B378852A29F50FE300E02E49 /* 206. 反转链表.swift */ = {isa = PBXFileReference; fileEncoding = 4; lastKnownFileType = sourcecode.swift; path = "206. 反转链表.swift"; sourceTree = "<group>"; };
		B378852C29F50FE300E02E49 /* 141. 环形链表.swift */ = {isa = PBXFileReference; fileEncoding = 4; lastKnownFileType = sourcecode.swift; path = "141. 环形链表.swift"; sourceTree = "<group>"; };
		B378852E29F50FE300E02E49 /* 21. 合并两个有序链表.swift */ = {isa = PBXFileReference; fileEncoding = 4; lastKnownFileType = sourcecode.swift; path = "21. 合并两个有序链表.swift"; sourceTree = "<group>"; };
		B378852F29F50FE300E02E49 /* ListNode.swift */ = {isa = PBXFileReference; fileEncoding = 4; lastKnownFileType = sourcecode.swift; path = ListNode.swift; sourceTree = "<group>"; };
		B378853129F50FE300E02E49 /* 2. 两数相加.swift */ = {isa = PBXFileReference; fileEncoding = 4; lastKnownFileType = sourcecode.swift; path = "2. 两数相加.swift"; sourceTree = "<group>"; };
		B378853329F50FE300E02E49 /* 203. 移除链表元素.swift */ = {isa = PBXFileReference; fileEncoding = 4; lastKnownFileType = sourcecode.swift; path = "203. 移除链表元素.swift"; sourceTree = "<group>"; };
		B378854A29F5103600E02E49 /* Algorithm.swift */ = {isa = PBXFileReference; fileEncoding = 4; lastKnownFileType = sourcecode.swift; path = Algorithm.swift; sourceTree = "<group>"; };
		B378855429F51F6B00E02E49 /* 160. 相交链表.swift */ = {isa = PBXFileReference; lastKnownFileType = sourcecode.swift; path = "160. 相交链表.swift"; sourceTree = "<group>"; };
		B37E4F592A1DD6E70046427D /* 876. 链表的中间结点.swift */ = {isa = PBXFileReference; lastKnownFileType = sourcecode.swift; path = "876. 链表的中间结点.swift"; sourceTree = "<group>"; };
		B37E4F5B2A1DE2E00046427D /* 1290. 二进制链表转整数.swift */ = {isa = PBXFileReference; lastKnownFileType = sourcecode.swift; path = "1290. 二进制链表转整数.swift"; sourceTree = "<group>"; };
		B37E4F5F2A1F2D330046427D /* 剑指 Offer II 023. 两个链表的第一个重合节点.swift */ = {isa = PBXFileReference; lastKnownFileType = sourcecode.swift; path = "剑指 Offer II 023. 两个链表的第一个重合节点.swift"; sourceTree = "<group>"; };
		B37E4F632A1F355C0046427D /* 剑指 Offer II 024. 反转链表.swift */ = {isa = PBXFileReference; lastKnownFileType = sourcecode.swift; path = "剑指 Offer II 024. 反转链表.swift"; sourceTree = "<group>"; };
		B380095E2A0F5B3A00BAEB11 /* 92. 反转链表 II.swift */ = {isa = PBXFileReference; lastKnownFileType = sourcecode.swift; path = "92. 反转链表 II.swift"; sourceTree = "<group>"; };
		B38009602A12180500BAEB11 /* 234. 回文链表.swift */ = {isa = PBXFileReference; lastKnownFileType = sourcecode.swift; path = "234. 回文链表.swift"; sourceTree = "<group>"; };
		B38D26A12A0893D100D632B0 /* 剑指 Offer 67. 把字符串转换成整数.swift */ = {isa = PBXFileReference; lastKnownFileType = sourcecode.swift; path = "剑指 Offer 67. 把字符串转换成整数.swift"; sourceTree = "<group>"; };
		B38D26A32A08BBCF00D632B0 /* 8. 字符串转换整数(atoi).swift */ = {isa = PBXFileReference; lastKnownFileType = sourcecode.swift; path = "8. 字符串转换整数(atoi).swift"; sourceTree = "<group>"; };
		B3B21FB129F8F33A00E8DA4B /* 剑指 Offer 06. 从尾到头打印链表.swift */ = {isa = PBXFileReference; lastKnownFileType = sourcecode.swift; path = "剑指 Offer 06. 从尾到头打印链表.swift"; sourceTree = "<group>"; };
		B3B21FB529F900F700E8DA4B /* Stack.swift */ = {isa = PBXFileReference; lastKnownFileType = sourcecode.swift; path = Stack.swift; sourceTree = "<group>"; };
		B3B21FBB29F9063400E8DA4B /* 剑指 Offer 24. 反转链表.swift */ = {isa = PBXFileReference; lastKnownFileType = sourcecode.swift; path = "剑指 Offer 24. 反转链表.swift"; sourceTree = "<group>"; };
		B3D70C032A04A26E009C4BF5 /* 剑指 Offer 05. 替换空格.swift */ = {isa = PBXFileReference; lastKnownFileType = sourcecode.swift; path = "剑指 Offer 05. 替换空格.swift"; sourceTree = "<group>"; };
		B3D70C052A04AF75009C4BF5 /* 剑指 Offer 58 - II. 左旋转字符串.swift */ = {isa = PBXFileReference; lastKnownFileType = sourcecode.swift; path = "剑指 Offer 58 - II. 左旋转字符串.swift"; sourceTree = "<group>"; };
		B3D70C072A05E767009C4BF5 /* 剑指 Offer 20. 表示数值的字符串.swift */ = {isa = PBXFileReference; lastKnownFileType = sourcecode.swift; path = "剑指 Offer 20. 表示数值的字符串.swift"; sourceTree = "<group>"; };
		B3F87B512A03574F004A150E /* 剑指 Offer 21. 调整数组顺序使奇数位于偶数前面.swift */ = {isa = PBXFileReference; lastKnownFileType = sourcecode.swift; path = "剑指 Offer 21. 调整数组顺序使奇数位于偶数前面.swift"; sourceTree = "<group>"; };
		B3F87B532A0385BC004A150E /* 剑指 Offer 57. 和为s的两个数字.swift */ = {isa = PBXFileReference; lastKnownFileType = sourcecode.swift; path = "剑指 Offer 57. 和为s的两个数字.swift"; sourceTree = "<group>"; };
		B3F87B572A0393B5004A150E /* 剑指 Offer 58 - I. 翻转单词顺序.swift */ = {isa = PBXFileReference; lastKnownFileType = sourcecode.swift; path = "剑指 Offer 58 - I. 翻转单词顺序.swift"; sourceTree = "<group>"; };
		B3F87B592A03972C004A150E /* 151. 反转字符串中的单词.swift */ = {isa = PBXFileReference; lastKnownFileType = sourcecode.swift; path = "151. 反转字符串中的单词.swift"; sourceTree = "<group>"; };
/* End PBXFileReference section */

/* Begin PBXFrameworksBuildPhase section */
		B37884ED29F50EB800E02E49 /* Frameworks */ = {
			isa = PBXFrameworksBuildPhase;
			buildActionMask = 2147483647;
			files = (
			);
			runOnlyForDeploymentPostprocessing = 0;
		};
/* End PBXFrameworksBuildPhase section */

/* Begin PBXGroup section */
		B33A15DA29FB6AAF00AD5732 /* String */ = {
			isa = PBXGroup;
			children = (
				B3D70C032A04A26E009C4BF5 /* 剑指 Offer 05. 替换空格.swift */,
				B3D70C052A04AF75009C4BF5 /* 剑指 Offer 58 - II. 左旋转字符串.swift */,
				B3D70C072A05E767009C4BF5 /* 剑指 Offer 20. 表示数值的字符串.swift */,
				B38D26A12A0893D100D632B0 /* 剑指 Offer 67. 把字符串转换成整数.swift */,
			);
			path = String;
			sourceTree = "<group>";
		};
		B33A15DE29FB6B8100AD5732 /* Two Pointers */ = {
			isa = PBXGroup;
			children = (
				B33A15DF29FB6B8D00AD5732 /* 剑指 Offer 18. 删除链表的节点.swift */,
				B33A15E129FB792000AD5732 /* 剑指 Offer 22. 链表中倒数第k个节点.swift */,
				B33A164D29FCAF8C00AD5732 /* 剑指 Offer 25. 合并两个排序的链表.swift */,
				B33A164F29FCFA0900AD5732 /* 剑指 Offer 52. 两个链表的第一个公共节点.swift */,
				B3F87B512A03574F004A150E /* 剑指 Offer 21. 调整数组顺序使奇数位于偶数前面.swift */,
				B3F87B532A0385BC004A150E /* 剑指 Offer 57. 和为s的两个数字.swift */,
				B3F87B572A0393B5004A150E /* 剑指 Offer 58 - I. 翻转单词顺序.swift */,
			);
			path = "Two Pointers";
			sourceTree = "<group>";
		};
		B37884E729F50EB800E02E49 = {
			isa = PBXGroup;
			children = (
				B37884F229F50EB800E02E49 /* Main */,
				B3B21FB329F8F36900E8DA4B /* Base */,
				B378850729F50FE300E02E49 /* LeetCode */,
				B3B21FAF29F8F2DE00E8DA4B /* 剑指Offer */,
				B37884F129F50EB800E02E49 /* Products */,
			);
			sourceTree = "<group>";
		};
		B37884F129F50EB800E02E49 /* Products */ = {
			isa = PBXGroup;
			children = (
				B37884F029F50EB800E02E49 /* Algorithms.app */,
			);
			name = Products;
			sourceTree = "<group>";
		};
		B37884F229F50EB800E02E49 /* Main */ = {
			isa = PBXGroup;
			children = (
				B37884F729F50EB800E02E49 /* ViewController.swift */,
				B37884F329F50EB800E02E49 /* AppDelegate.swift */,
				B37884F529F50EB800E02E49 /* SceneDelegate.swift */,
				B37884FE29F50EB900E02E49 /* LaunchScreen.storyboard */,
				B37884F929F50EB800E02E49 /* Main.storyboard */,
				B37884FC29F50EB900E02E49 /* Assets.xcassets */,
				B378850129F50EB900E02E49 /* Info.plist */,
			);
			path = Main;
			sourceTree = "<group>";
		};
		B378850729F50FE300E02E49 /* LeetCode */ = {
			isa = PBXGroup;
			children = (
				B378850A29F50FE300E02E49 /* Array */,
				B378852629F50FE300E02E49 /* ListNode */,
				B378850829F50FE300E02E49 /* Sort */,
				B378851D29F50FE300E02E49 /* String */,
			);
			path = LeetCode;
			sourceTree = "<group>";
		};
		B378850829F50FE300E02E49 /* Sort */ = {
			isa = PBXGroup;
			children = (
				B378850929F50FE300E02E49 /* Sort.swift */,
			);
			path = Sort;
			sourceTree = "<group>";
		};
		B378850A29F50FE300E02E49 /* Array */ = {
			isa = PBXGroup;
			children = (
				B378851229F50FE300E02E49 /* 1. 两数之和.swift */,
				B378850C29F50FE300E02E49 /* 4. 寻找两个正序数组的中位数.swift */,
				B378851029F50FE300E02E49 /* 53. 最大子数组和.swift */,
				B378851829F50FE300E02E49 /* 88. 合并两个有序数组.swift */,
				B378851A29F50FE300E02E49 /* 118. 杨辉三角.swift */,
				B378851429F50FE300E02E49 /* 121. 买卖股票的最佳时机.swift */,
				B378850E29F50FE300E02E49 /* 217. 存在重复元素.swift */,
				B378851629F50FE300E02E49 /* 349. 两个数组的交集.swift */,
				B378851C29F50FE300E02E49 /* 350. 两个数组的交集 II.swift */,
			);
			path = Array;
			sourceTree = "<group>";
		};
		B378851D29F50FE300E02E49 /* String */ = {
			isa = PBXGroup;
			children = (
				B378852129F50FE300E02E49 /* 3. 无重复字符的最长子串.swift */,
				B378851F29F50FE300E02E49 /* 5. 最长回文子串.swift */,
				B38D26A32A08BBCF00D632B0 /* 8. 字符串转换整数(atoi).swift */,
				B378852329F50FE300E02E49 /* 125. 验证回文串.swift */,
				B3F87B592A03972C004A150E /* 151. 反转字符串中的单词.swift */,
				B378852529F50FE300E02E49 /* 344. 反转字符串.swift */,
			);
			path = String;
			sourceTree = "<group>";
		};
		B378852629F50FE300E02E49 /* ListNode */ = {
			isa = PBXGroup;
			children = (
				B378853129F50FE300E02E49 /* 2. 两数相加.swift */,
				B378852E29F50FE300E02E49 /* 21. 合并两个有序链表.swift */,
				B378852829F50FE300E02E49 /* 83. 删除排序链表中的重复元素.swift */,
				B380095E2A0F5B3A00BAEB11 /* 92. 反转链表 II.swift */,
				B33A15D429F916D300AD5732 /* 138. 复制带随机指针的链表.swift */,
				B378852C29F50FE300E02E49 /* 141. 环形链表.swift */,
				B378855429F51F6B00E02E49 /* 160. 相交链表.swift */,
				B378853329F50FE300E02E49 /* 203. 移除链表元素.swift */,
				B378852A29F50FE300E02E49 /* 206. 反转链表.swift */,
				B38009602A12180500BAEB11 /* 234. 回文链表.swift */,
				B37E4F592A1DD6E70046427D /* 876. 链表的中间结点.swift */,
				B37E4F5B2A1DE2E00046427D /* 1290. 二进制链表转整数.swift */,
			);
			path = ListNode;
			sourceTree = "<group>";
		};
		B3B21FAF29F8F2DE00E8DA4B /* 剑指Offer */ = {
			isa = PBXGroup;
			children = (
				B33A15DA29FB6AAF00AD5732 /* String */,
				B3B21FB029F8F31E00E8DA4B /* ListNode */,
				B33A15DE29FB6B8100AD5732 /* Two Pointers */,
			);
			path = "剑指Offer";
			sourceTree = "<group>";
		};
		B3B21FB029F8F31E00E8DA4B /* ListNode */ = {
			isa = PBXGroup;
			children = (
				B3B21FB129F8F33A00E8DA4B /* 剑指 Offer 06. 从尾到头打印链表.swift */,
				B3B21FBB29F9063400E8DA4B /* 剑指 Offer 24. 反转链表.swift */,
				B33A15D229F916BA00AD5732 /* 剑指 Offer 35. 复杂链表的复制.swift */,
				B37E4F5F2A1F2D330046427D /* 剑指 Offer II 023. 两个链表的第一个重合节点.swift */,
				B37E4F632A1F355C0046427D /* 剑指 Offer II 024. 反转链表.swift */,
			);
			path = ListNode;
			sourceTree = "<group>";
		};
		B3B21FB329F8F36900E8DA4B /* Base */ = {
			isa = PBXGroup;
			children = (
				B378854A29F5103600E02E49 /* Algorithm.swift */,
				B378852F29F50FE300E02E49 /* ListNode.swift */,
				B33A15D829F9184600AD5732 /* RandomListNode.swift */,
				B3B21FB529F900F700E8DA4B /* Stack.swift */,
			);
			path = Base;
			sourceTree = "<group>";
		};
/* End PBXGroup section */

/* Begin PBXNativeTarget section */
		B37884EF29F50EB800E02E49 /* Algorithms */ = {
			isa = PBXNativeTarget;
			buildConfigurationList = B378850429F50EB900E02E49 /* Build configuration list for PBXNativeTarget "Algorithms" */;
			buildPhases = (
				B37884EC29F50EB800E02E49 /* Sources */,
				B37884ED29F50EB800E02E49 /* Frameworks */,
				B37884EE29F50EB800E02E49 /* Resources */,
			);
			buildRules = (
			);
			dependencies = (
			);
			name = Algorithms;
			productName = Algorithms;
			productReference = B37884F029F50EB800E02E49 /* Algorithms.app */;
			productType = "com.apple.product-type.application";
		};
/* End PBXNativeTarget section */

/* Begin PBXProject section */
		B37884E829F50EB800E02E49 /* Project object */ = {
			isa = PBXProject;
			attributes = {
				BuildIndependentTargetsInParallel = 1;
				LastSwiftUpdateCheck = 1430;
				LastUpgradeCheck = 1430;
				TargetAttributes = {
					B37884EF29F50EB800E02E49 = {
						CreatedOnToolsVersion = 14.3;
					};
				};
			};
			buildConfigurationList = B37884EB29F50EB800E02E49 /* Build configuration list for PBXProject "Algorithms" */;
			compatibilityVersion = "Xcode 14.0";
			developmentRegion = en;
			hasScannedForEncodings = 0;
			knownRegions = (
				en,
				Base,
			);
			mainGroup = B37884E729F50EB800E02E49;
			productRefGroup = B37884F129F50EB800E02E49 /* Products */;
			projectDirPath = "";
			projectRoot = "";
			targets = (
				B37884EF29F50EB800E02E49 /* Algorithms */,
			);
		};
/* End PBXProject section */

/* Begin PBXResourcesBuildPhase section */
		B37884EE29F50EB800E02E49 /* Resources */ = {
			isa = PBXResourcesBuildPhase;
			buildActionMask = 2147483647;
			files = (
				B378850029F50EB900E02E49 /* LaunchScreen.storyboard in Resources */,
				B37884FD29F50EB900E02E49 /* Assets.xcassets in Resources */,
				B37884FB29F50EB800E02E49 /* Main.storyboard in Resources */,
			);
			runOnlyForDeploymentPostprocessing = 0;
		};
/* End PBXResourcesBuildPhase section */

/* Begin PBXSourcesBuildPhase section */
		B37884EC29F50EB800E02E49 /* Sources */ = {
			isa = PBXSourcesBuildPhase;
			buildActionMask = 2147483647;
			files = (
				B378853C29F50FE300E02E49 /* 118. 杨辉三角.swift in Sources */,
				B378854829F50FE300E02E49 /* 203. 移除链表元素.swift in Sources */,
				B3D70C082A05E767009C4BF5 /* 剑指 Offer 20. 表示数值的字符串.swift in Sources */,
				B37884F829F50EB800E02E49 /* ViewController.swift in Sources */,
				B378853429F50FE300E02E49 /* Sort.swift in Sources */,
				B33A15D529F916D300AD5732 /* 138. 复制带随机指针的链表.swift in Sources */,
				B378853B29F50FE300E02E49 /* 88. 合并两个有序数组.swift in Sources */,
				B37E4F5A2A1DD6E70046427D /* 876. 链表的中间结点.swift in Sources */,
				B378853729F50FE300E02E49 /* 53. 最大子数组和.swift in Sources */,
				B378853529F50FE300E02E49 /* 4. 寻找两个正序数组的中位数.swift in Sources */,
				B378854729F50FE300E02E49 /* 2. 两数相加.swift in Sources */,
				B37884F429F50EB800E02E49 /* AppDelegate.swift in Sources */,
				B378853D29F50FE300E02E49 /* 350. 两个数组的交集 II.swift in Sources */,
				B33A15D929F9184600AD5732 /* RandomListNode.swift in Sources */,
				B33A15D329F916BA00AD5732 /* 剑指 Offer 35. 复杂链表的复制.swift in Sources */,
				B38D26A42A08BBCF00D632B0 /* 8. 字符串转换整数(atoi).swift in Sources */,
				B378853F29F50FE300E02E49 /* 3. 无重复字符的最长子串.swift in Sources */,
				B380095F2A0F5B3A00BAEB11 /* 92. 反转链表 II.swift in Sources */,
				B378853629F50FE300E02E49 /* 217. 存在重复元素.swift in Sources */,
				B37884F629F50EB800E02E49 /* SceneDelegate.swift in Sources */,
				B3B21FB229F8F33A00E8DA4B /* 剑指 Offer 06. 从尾到头打印链表.swift in Sources */,
				B378853929F50FE300E02E49 /* 121. 买卖股票的最佳时机.swift in Sources */,
				B37E4F5C2A1DE2E00046427D /* 1290. 二进制链表转整数.swift in Sources */,
				B38009612A12180500BAEB11 /* 234. 回文链表.swift in Sources */,
				B38D26A22A0893D100D632B0 /* 剑指 Offer 67. 把字符串转换成整数.swift in Sources */,
				B378855529F51F6B00E02E49 /* 160. 相交链表.swift in Sources */,
				B3B21FB629F900F700E8DA4B /* Stack.swift in Sources */,
				B378854529F50FE300E02E49 /* 21. 合并两个有序链表.swift in Sources */,
				B33A15E029FB6B8D00AD5732 /* 剑指 Offer 18. 删除链表的节点.swift in Sources */,
				B37E4F642A1F355C0046427D /* 剑指 Offer II 024. 反转链表.swift in Sources */,
				B33A164E29FCAF8C00AD5732 /* 剑指 Offer 25. 合并两个排序的链表.swift in Sources */,
				B3F87B5A2A03972C004A150E /* 151. 反转字符串中的单词.swift in Sources */,
				B378853A29F50FE300E02E49 /* 349. 两个数组的交集.swift in Sources */,
				B3F87B542A0385BC004A150E /* 剑指 Offer 57. 和为s的两个数字.swift in Sources */,
				B378854429F50FE300E02E49 /* 141. 环形链表.swift in Sources */,
				B378854129F50FE300E02E49 /* 344. 反转字符串.swift in Sources */,
				B3B21FBC29F9063400E8DA4B /* 剑指 Offer 24. 反转链表.swift in Sources */,
				B378854229F50FE300E02E49 /* 83. 删除排序链表中的重复元素.swift in Sources */,
				B37E4F602A1F2D330046427D /* 剑指 Offer II 023. 两个链表的第一个重合节点.swift in Sources */,
				B378853E29F50FE300E02E49 /* 5. 最长回文子串.swift in Sources */,
				B3F87B522A03574F004A150E /* 剑指 Offer 21. 调整数组顺序使奇数位于偶数前面.swift in Sources */,
				B378854029F50FE300E02E49 /* 125. 验证回文串.swift in Sources */,
				B3F87B582A0393B5004A150E /* 剑指 Offer 58 - I. 翻转单词顺序.swift in Sources */,
				B378853829F50FE300E02E49 /* 1. 两数之和.swift in Sources */,
				B3D70C062A04AF75009C4BF5 /* 剑指 Offer 58 - II. 左旋转字符串.swift in Sources */,
				B33A165029FCFA0900AD5732 /* 剑指 Offer 52. 两个链表的第一个公共节点.swift in Sources */,
				B3D70C042A04A26E009C4BF5 /* 剑指 Offer 05. 替换空格.swift in Sources */,
				B378854329F50FE300E02E49 /* 206. 反转链表.swift in Sources */,
				B378854629F50FE300E02E49 /* ListNode.swift in Sources */,
				B33A15E229FB792000AD5732 /* 剑指 Offer 22. 链表中倒数第k个节点.swift in Sources */,
				B378854B29F5103600E02E49 /* Algorithm.swift in Sources */,
			);
			runOnlyForDeploymentPostprocessing = 0;
		};
/* End PBXSourcesBuildPhase section */

/* Begin PBXVariantGroup section */
		B37884F929F50EB800E02E49 /* Main.storyboard */ = {
			isa = PBXVariantGroup;
			children = (
				B37884FA29F50EB800E02E49 /* Base */,
			);
			name = Main.storyboard;
			sourceTree = "<group>";
		};
		B37884FE29F50EB900E02E49 /* LaunchScreen.storyboard */ = {
			isa = PBXVariantGroup;
			children = (
				B37884FF29F50EB900E02E49 /* Base */,
			);
			name = LaunchScreen.storyboard;
			sourceTree = "<group>";
		};
/* End PBXVariantGroup section */

/* Begin XCBuildConfiguration section */
		B378850229F50EB900E02E49 /* Debug */ = {
			isa = XCBuildConfiguration;
			buildSettings = {
				ALWAYS_SEARCH_USER_PATHS = NO;
				CLANG_ANALYZER_NONNULL = YES;
				CLANG_ANALYZER_NUMBER_OBJECT_CONVERSION = YES_AGGRESSIVE;
				CLANG_CXX_LANGUAGE_STANDARD = "gnu++20";
				CLANG_ENABLE_MODULES = YES;
				CLANG_ENABLE_OBJC_ARC = YES;
				CLANG_ENABLE_OBJC_WEAK = YES;
				CLANG_WARN_BLOCK_CAPTURE_AUTORELEASING = YES;
				CLANG_WARN_BOOL_CONVERSION = YES;
				CLANG_WARN_COMMA = YES;
				CLANG_WARN_CONSTANT_CONVERSION = YES;
				CLANG_WARN_DEPRECATED_OBJC_IMPLEMENTATIONS = YES;
				CLANG_WARN_DIRECT_OBJC_ISA_USAGE = YES_ERROR;
				CLANG_WARN_DOCUMENTATION_COMMENTS = YES;
				CLANG_WARN_EMPTY_BODY = YES;
				CLANG_WARN_ENUM_CONVERSION = YES;
				CLANG_WARN_INFINITE_RECURSION = YES;
				CLANG_WARN_INT_CONVERSION = YES;
				CLANG_WARN_NON_LITERAL_NULL_CONVERSION = YES;
				CLANG_WARN_OBJC_IMPLICIT_RETAIN_SELF = YES;
				CLANG_WARN_OBJC_LITERAL_CONVERSION = YES;
				CLANG_WARN_OBJC_ROOT_CLASS = YES_ERROR;
				CLANG_WARN_QUOTED_INCLUDE_IN_FRAMEWORK_HEADER = YES;
				CLANG_WARN_RANGE_LOOP_ANALYSIS = YES;
				CLANG_WARN_STRICT_PROTOTYPES = YES;
				CLANG_WARN_SUSPICIOUS_MOVE = YES;
				CLANG_WARN_UNGUARDED_AVAILABILITY = YES_AGGRESSIVE;
				CLANG_WARN_UNREACHABLE_CODE = YES;
				CLANG_WARN__DUPLICATE_METHOD_MATCH = YES;
				COPY_PHASE_STRIP = NO;
				DEBUG_INFORMATION_FORMAT = dwarf;
				ENABLE_STRICT_OBJC_MSGSEND = YES;
				ENABLE_TESTABILITY = YES;
				GCC_C_LANGUAGE_STANDARD = gnu11;
				GCC_DYNAMIC_NO_PIC = NO;
				GCC_NO_COMMON_BLOCKS = YES;
				GCC_OPTIMIZATION_LEVEL = 0;
				GCC_PREPROCESSOR_DEFINITIONS = (
					"DEBUG=1",
					"$(inherited)",
				);
				GCC_WARN_64_TO_32_BIT_CONVERSION = YES;
				GCC_WARN_ABOUT_RETURN_TYPE = YES_ERROR;
				GCC_WARN_UNDECLARED_SELECTOR = YES;
				GCC_WARN_UNINITIALIZED_AUTOS = YES_AGGRESSIVE;
				GCC_WARN_UNUSED_FUNCTION = YES;
				GCC_WARN_UNUSED_VARIABLE = YES;
				IPHONEOS_DEPLOYMENT_TARGET = 16.4;
				MTL_ENABLE_DEBUG_INFO = INCLUDE_SOURCE;
				MTL_FAST_MATH = YES;
				ONLY_ACTIVE_ARCH = YES;
				SDKROOT = iphoneos;
				SWIFT_ACTIVE_COMPILATION_CONDITIONS = DEBUG;
				SWIFT_OPTIMIZATION_LEVEL = "-Onone";
			};
			name = Debug;
		};
		B378850329F50EB900E02E49 /* Release */ = {
			isa = XCBuildConfiguration;
			buildSettings = {
				ALWAYS_SEARCH_USER_PATHS = NO;
				CLANG_ANALYZER_NONNULL = YES;
				CLANG_ANALYZER_NUMBER_OBJECT_CONVERSION = YES_AGGRESSIVE;
				CLANG_CXX_LANGUAGE_STANDARD = "gnu++20";
				CLANG_ENABLE_MODULES = YES;
				CLANG_ENABLE_OBJC_ARC = YES;
				CLANG_ENABLE_OBJC_WEAK = YES;
				CLANG_WARN_BLOCK_CAPTURE_AUTORELEASING = YES;
				CLANG_WARN_BOOL_CONVERSION = YES;
				CLANG_WARN_COMMA = YES;
				CLANG_WARN_CONSTANT_CONVERSION = YES;
				CLANG_WARN_DEPRECATED_OBJC_IMPLEMENTATIONS = YES;
				CLANG_WARN_DIRECT_OBJC_ISA_USAGE = YES_ERROR;
				CLANG_WARN_DOCUMENTATION_COMMENTS = YES;
				CLANG_WARN_EMPTY_BODY = YES;
				CLANG_WARN_ENUM_CONVERSION = YES;
				CLANG_WARN_INFINITE_RECURSION = YES;
				CLANG_WARN_INT_CONVERSION = YES;
				CLANG_WARN_NON_LITERAL_NULL_CONVERSION = YES;
				CLANG_WARN_OBJC_IMPLICIT_RETAIN_SELF = YES;
				CLANG_WARN_OBJC_LITERAL_CONVERSION = YES;
				CLANG_WARN_OBJC_ROOT_CLASS = YES_ERROR;
				CLANG_WARN_QUOTED_INCLUDE_IN_FRAMEWORK_HEADER = YES;
				CLANG_WARN_RANGE_LOOP_ANALYSIS = YES;
				CLANG_WARN_STRICT_PROTOTYPES = YES;
				CLANG_WARN_SUSPICIOUS_MOVE = YES;
				CLANG_WARN_UNGUARDED_AVAILABILITY = YES_AGGRESSIVE;
				CLANG_WARN_UNREACHABLE_CODE = YES;
				CLANG_WARN__DUPLICATE_METHOD_MATCH = YES;
				COPY_PHASE_STRIP = NO;
				DEBUG_INFORMATION_FORMAT = "dwarf-with-dsym";
				ENABLE_NS_ASSERTIONS = NO;
				ENABLE_STRICT_OBJC_MSGSEND = YES;
				GCC_C_LANGUAGE_STANDARD = gnu11;
				GCC_NO_COMMON_BLOCKS = YES;
				GCC_WARN_64_TO_32_BIT_CONVERSION = YES;
				GCC_WARN_ABOUT_RETURN_TYPE = YES_ERROR;
				GCC_WARN_UNDECLARED_SELECTOR = YES;
				GCC_WARN_UNINITIALIZED_AUTOS = YES_AGGRESSIVE;
				GCC_WARN_UNUSED_FUNCTION = YES;
				GCC_WARN_UNUSED_VARIABLE = YES;
				IPHONEOS_DEPLOYMENT_TARGET = 16.4;
				MTL_ENABLE_DEBUG_INFO = NO;
				MTL_FAST_MATH = YES;
				SDKROOT = iphoneos;
				SWIFT_COMPILATION_MODE = wholemodule;
				SWIFT_OPTIMIZATION_LEVEL = "-O";
				VALIDATE_PRODUCT = YES;
			};
			name = Release;
		};
		B378850529F50EB900E02E49 /* Debug */ = {
			isa = XCBuildConfiguration;
			buildSettings = {
				ASSETCATALOG_COMPILER_APPICON_NAME = AppIcon;
				ASSETCATALOG_COMPILER_GLOBAL_ACCENT_COLOR_NAME = AccentColor;
				CODE_SIGN_STYLE = Automatic;
				CURRENT_PROJECT_VERSION = 1;
				DEVELOPMENT_TEAM = MC4ML6FGRD;
				GENERATE_INFOPLIST_FILE = YES;
				INFOPLIST_FILE = Main/Info.plist;
				INFOPLIST_KEY_UIApplicationSupportsIndirectInputEvents = YES;
				INFOPLIST_KEY_UILaunchStoryboardName = LaunchScreen;
				INFOPLIST_KEY_UIMainStoryboardFile = Main;
				INFOPLIST_KEY_UISupportedInterfaceOrientations_iPad = "UIInterfaceOrientationPortrait UIInterfaceOrientationPortraitUpsideDown UIInterfaceOrientationLandscapeLeft UIInterfaceOrientationLandscapeRight";
				INFOPLIST_KEY_UISupportedInterfaceOrientations_iPhone = "UIInterfaceOrientationPortrait UIInterfaceOrientationLandscapeLeft UIInterfaceOrientationLandscapeRight";
				LD_RUNPATH_SEARCH_PATHS = (
					"$(inherited)",
					"@executable_path/Frameworks",
				);
				MARKETING_VERSION = 1.0;
				PRODUCT_BUNDLE_IDENTIFIER = com.lmqleo.StudyNotes.Algorithms;
				PRODUCT_NAME = "$(TARGET_NAME)";
				SWIFT_EMIT_LOC_STRINGS = YES;
				SWIFT_VERSION = 5.0;
				TARGETED_DEVICE_FAMILY = "1,2";
			};
			name = Debug;
		};
		B378850629F50EB900E02E49 /* Release */ = {
			isa = XCBuildConfiguration;
			buildSettings = {
				ASSETCATALOG_COMPILER_APPICON_NAME = AppIcon;
				ASSETCATALOG_COMPILER_GLOBAL_ACCENT_COLOR_NAME = AccentColor;
				CODE_SIGN_STYLE = Automatic;
				CURRENT_PROJECT_VERSION = 1;
				DEVELOPMENT_TEAM = MC4ML6FGRD;
				GENERATE_INFOPLIST_FILE = YES;
				INFOPLIST_FILE = Main/Info.plist;
				INFOPLIST_KEY_UIApplicationSupportsIndirectInputEvents = YES;
				INFOPLIST_KEY_UILaunchStoryboardName = LaunchScreen;
				INFOPLIST_KEY_UIMainStoryboardFile = Main;
				INFOPLIST_KEY_UISupportedInterfaceOrientations_iPad = "UIInterfaceOrientationPortrait UIInterfaceOrientationPortraitUpsideDown UIInterfaceOrientationLandscapeLeft UIInterfaceOrientationLandscapeRight";
				INFOPLIST_KEY_UISupportedInterfaceOrientations_iPhone = "UIInterfaceOrientationPortrait UIInterfaceOrientationLandscapeLeft UIInterfaceOrientationLandscapeRight";
				LD_RUNPATH_SEARCH_PATHS = (
					"$(inherited)",
					"@executable_path/Frameworks",
				);
				MARKETING_VERSION = 1.0;
				PRODUCT_BUNDLE_IDENTIFIER = com.lmqleo.StudyNotes.Algorithms;
				PRODUCT_NAME = "$(TARGET_NAME)";
				SWIFT_EMIT_LOC_STRINGS = YES;
				SWIFT_VERSION = 5.0;
				TARGETED_DEVICE_FAMILY = "1,2";
			};
			name = Release;
		};
/* End XCBuildConfiguration section */

/* Begin XCConfigurationList section */
		B37884EB29F50EB800E02E49 /* Build configuration list for PBXProject "Algorithms" */ = {
			isa = XCConfigurationList;
			buildConfigurations = (
				B378850229F50EB900E02E49 /* Debug */,
				B378850329F50EB900E02E49 /* Release */,
			);
			defaultConfigurationIsVisible = 0;
			defaultConfigurationName = Release;
		};
		B378850429F50EB900E02E49 /* Build configuration list for PBXNativeTarget "Algorithms" */ = {
			isa = XCConfigurationList;
			buildConfigurations = (
				B378850529F50EB900E02E49 /* Debug */,
				B378850629F50EB900E02E49 /* Release */,
			);
			defaultConfigurationIsVisible = 0;
			defaultConfigurationName = Release;
		};
/* End XCConfigurationList section */
	};
	rootObject = B37884E829F50EB800E02E49 /* Project object */;
}
